
Microsoft Visual Studio Solution File, Format Version 12.00
# Visual Studio 15
VisualStudioVersion = 15.0.28307.329
MinimumVisualStudioVersion = 10.0.40219.1
Project("{FAE04EC0-301F-11D3-BF4B-00C04F79EFBC}") = "SocketTest", "Socket\SocketTest.csproj", "{048CDC40-64A6-4138-87AF-63E56766540C}"
EndProject
Global
	GlobalSection(SolutionConfigurationPlatforms) = preSolution
		Debug|Any CPU = Debug|Any CPU
		Release|Any CPU = Release|Any CPU
	EndGlobalSection
	GlobalSection(ProjectConfigurationPlatforms) = postSolution
		{048CDC40-64A6-4138-87AF-63E56766540C}.Debug|Any CPU.ActiveCfg = Debug|Any CPU
		{048CDC40-64A6-4138-87AF-63E56766540C}.Debug|Any CPU.Build.0 = Debug|Any CPU
		{048CDC40-64A6-4138-87AF-63E56766540C}.Release|Any CPU.ActiveCfg = Release|Any CPU
		{048CDC40-64A6-4138-87AF-63E56766540C}.Release|Any CPU.Build.0 = Release|Any CPU
	EndGlobalSection
	GlobalSection(SolutionProperties) = preSolution
		HideSolutionNode = FALSE
	EndGlobalSection
	GlobalSection(ExtensibilityGlobals) = postSolution
		SolutionGuid = {D73824E8-4454-43F8-8A07-B72FD7355216}
	EndGlobalSection
EndGlobal
